
Microsoft Visual Studio Solution File, Format Version 12.00
# Visual Studio Version 16
VisualStudioVersion = 16.0.29613.14
MinimumVisualStudioVersion = 10.0.40219.1
Project("{9A19103F-16F7-4668-BE54-9A1E7A4F7556}") = "Modele", "Modele\Modele.csproj", "{C4D1DBFD-35F0-4AF2-892F-A94CA95A77C9}"
EndProject
Project("{9A19103F-16F7-4668-BE54-9A1E7A4F7556}") = "Traitement", "Traitement\Traitement.csproj", "{12CFF2F6-E78D-43CA-91AB-3C77676158BA}"
EndProject
Project("{9A19103F-16F7-4668-BE54-9A1E7A4F7556}") = "Traitement.Tests", "Traitement.Tests\Traitement.Tests.csproj", "{EEB4E757-6F20-45BA-AC6D-4328C00EE329}"
EndProject
Project("{9A19103F-16F7-4668-BE54-9A1E7A4F7556}") = "Traitement.Solution", "Traitement.Solution\Traitement.Solution.csproj", "{53C9D8D8-93A5-4A9B-9122-059579C58775}"
EndProject
Project("{9A19103F-16F7-4668-BE54-9A1E7A4F7556}") = "Traitement.Tests.Solution", "Traitement.Tests.Solution\Traitement.Tests.Solution.csproj", "{8CAC236A-6DAF-4D81-90A1-654CB9BDB5C5}"
EndProject
Project("{9A19103F-16F7-4668-BE54-9A1E7A4F7556}") = "Framework", "Framework\Framework.csproj", "{8040E576-2FE5-4694-B6B8-0766B358D361}"
EndProject
Project("{9A19103F-16F7-4668-BE54-9A1E7A4F7556}") = "Ressource", "Ressource\Ressource.csproj", "{622BF520-0408-479E-ABBB-B2854FAF8E98}"
EndProject
Project("{9A19103F-16F7-4668-BE54-9A1E7A4F7556}") = "Donnee", "Donnee\Donnee.csproj", "{9BCF2810-52B8-468C-99C4-3907C4EDA773}"
EndProject
Project("{2150E333-8FDC-42A3-9474-1A3956D46DE8}") = "Solution", "Solution", "{F41D8CBF-AEE8-4692-AA7D-B3A22191EE54}"
EndProject
Global
	GlobalSection(SolutionConfigurationPlatforms) = preSolution
		Debug|Any CPU = Debug|Any CPU
		Release|Any CPU = Release|Any CPU
	EndGlobalSection
	GlobalSection(ProjectConfigurationPlatforms) = postSolution
		{C4D1DBFD-35F0-4AF2-892F-A94CA95A77C9}.Debug|Any CPU.ActiveCfg = Debug|Any CPU
		{C4D1DBFD-35F0-4AF2-892F-A94CA95A77C9}.Debug|Any CPU.Build.0 = Debug|Any CPU
		{C4D1DBFD-35F0-4AF2-892F-A94CA95A77C9}.Release|Any CPU.ActiveCfg = Release|Any CPU
		{C4D1DBFD-35F0-4AF2-892F-A94CA95A77C9}.Release|Any CPU.Build.0 = Release|Any CPU
		{12CFF2F6-E78D-43CA-91AB-3C77676158BA}.Debug|Any CPU.ActiveCfg = Debug|Any CPU
		{12CFF2F6-E78D-43CA-91AB-3C77676158BA}.Debug|Any CPU.Build.0 = Debug|Any CPU
		{12CFF2F6-E78D-43CA-91AB-3C77676158BA}.Release|Any CPU.ActiveCfg = Release|Any CPU
		{12CFF2F6-E78D-43CA-91AB-3C77676158BA}.Release|Any CPU.Build.0 = Release|Any CPU
		{EEB4E757-6F20-45BA-AC6D-4328C00EE329}.Debug|Any CPU.ActiveCfg = Debug|Any CPU
		{EEB4E757-6F20-45BA-AC6D-4328C00EE329}.Debug|Any CPU.Build.0 = Debug|Any CPU
		{EEB4E757-6F20-45BA-AC6D-4328C00EE329}.Release|Any CPU.ActiveCfg = Release|Any CPU
		{EEB4E757-6F20-45BA-AC6D-4328C00EE329}.Release|Any CPU.Build.0 = Release|Any CPU
		{53C9D8D8-93A5-4A9B-9122-059579C58775}.Debug|Any CPU.ActiveCfg = Debug|Any CPU
		{53C9D8D8-93A5-4A9B-9122-059579C58775}.Debug|Any CPU.Build.0 = Debug|Any CPU
		{53C9D8D8-93A5-4A9B-9122-059579C58775}.Release|Any CPU.ActiveCfg = Release|Any CPU
		{53C9D8D8-93A5-4A9B-9122-059579C58775}.Release|Any CPU.Build.0 = Release|Any CPU
		{8CAC236A-6DAF-4D81-90A1-654CB9BDB5C5}.Debug|Any CPU.ActiveCfg = Debug|Any CPU
		{8CAC236A-6DAF-4D81-90A1-654CB9BDB5C5}.Debug|Any CPU.Build.0 = Debug|Any CPU
		{8CAC236A-6DAF-4D81-90A1-654CB9BDB5C5}.Release|Any CPU.ActiveCfg = Release|Any CPU
		{8CAC236A-6DAF-4D81-90A1-654CB9BDB5C5}.Release|Any CPU.Build.0 = Release|Any CPU
		{8040E576-2FE5-4694-B6B8-0766B358D361}.Debug|Any CPU.ActiveCfg = Debug|Any CPU
		{8040E576-2FE5-4694-B6B8-0766B358D361}.Debug|Any CPU.Build.0 = Debug|Any CPU
		{8040E576-2FE5-4694-B6B8-0766B358D361}.Release|Any CPU.ActiveCfg = Release|Any CPU
		{8040E576-2FE5-4694-B6B8-0766B358D361}.Release|Any CPU.Build.0 = Release|Any CPU
		{622BF520-0408-479E-ABBB-B2854FAF8E98}.Debug|Any CPU.ActiveCfg = Debug|Any CPU
		{622BF520-0408-479E-ABBB-B2854FAF8E98}.Debug|Any CPU.Build.0 = Debug|Any CPU
		{622BF520-0408-479E-ABBB-B2854FAF8E98}.Release|Any CPU.ActiveCfg = Release|Any CPU
		{622BF520-0408-479E-ABBB-B2854FAF8E98}.Release|Any CPU.Build.0 = Release|Any CPU
		{9BCF2810-52B8-468C-99C4-3907C4EDA773}.Debug|Any CPU.ActiveCfg = Debug|Any CPU
		{9BCF2810-52B8-468C-99C4-3907C4EDA773}.Debug|Any CPU.Build.0 = Debug|Any CPU
		{9BCF2810-52B8-468C-99C4-3907C4EDA773}.Release|Any CPU.ActiveCfg = Release|Any CPU
		{9BCF2810-52B8-468C-99C4-3907C4EDA773}.Release|Any CPU.Build.0 = Release|Any CPU
	EndGlobalSection
	GlobalSection(SolutionProperties) = preSolution
		HideSolutionNode = FALSE
	EndGlobalSection
	GlobalSection(NestedProjects) = preSolution
		{53C9D8D8-93A5-4A9B-9122-059579C58775} = {F41D8CBF-AEE8-4692-AA7D-B3A22191EE54}
		{8CAC236A-6DAF-4D81-90A1-654CB9BDB5C5} = {F41D8CBF-AEE8-4692-AA7D-B3A22191EE54}
	EndGlobalSection
	GlobalSection(ExtensibilityGlobals) = postSolution
		SolutionGuid = {BC5986DD-09D9-484E-8A0C-A2646AD6F098}
	EndGlobalSection
EndGlobal
